
Microsoft Visual Studio Solution File, Format Version 12.00
# Visual Studio Version 17
VisualStudioVersion = 17.8.34309.116
MinimumVisualStudioVersion = 10.0.40219.1
Project("{FAE04EC0-301F-11D3-BF4B-00C04F79EFBC}") = "ICCG - Parametric sin-cos", "ICCG - Parametric sin-cos\ICCG - Parametric sin-cos.csproj", "{8F69B5AD-52B3-48D3-959E-186BDB18F342}"
EndProject
Global
	GlobalSection(SolutionConfigurationPlatforms) = preSolution
		Debug|Any CPU = Debug|Any CPU
		Release|Any CPU = Release|Any CPU
	EndGlobalSection
	GlobalSection(ProjectConfigurationPlatforms) = postSolution
		{8F69B5AD-52B3-48D3-959E-186BDB18F342}.Debug|Any CPU.ActiveCfg = Debug|Any CPU
		{8F69B5AD-52B3-48D3-959E-186BDB18F342}.Debug|Any CPU.Build.0 = Debug|Any CPU
		{8F69B5AD-52B3-48D3-959E-186BDB18F342}.Release|Any CPU.ActiveCfg = Release|Any CPU
		{8F69B5AD-52B3-48D3-959E-186BDB18F342}.Release|Any CPU.Build.0 = Release|Any CPU
	EndGlobalSection
	GlobalSection(SolutionProperties) = preSolution
		HideSolutionNode = FALSE
	EndGlobalSection
	GlobalSection(ExtensibilityGlobals) = postSolution
		SolutionGuid = {989EF3F8-B0EC-4F7B-817B-708C12595FB4}
	EndGlobalSection
EndGlobal
